// !$*UTF8*$!
{
	archiveVersion = 1;
	classes = {
	};
	objectVersion = 46;
	objects = {

/* Begin PBXBuildFile section */
		1FCCC2CC1E17B1B30002D966 /* AppDelegate.swift in Sources */ = {isa = PBXBuildFile; fileRef = 1FCCC2CB1E17B1B30002D966 /* AppDelegate.swift */; };
		1FCCC2CE1E17B1B30002D966 /* ViewController.swift in Sources */ = {isa = PBXBuildFile; fileRef = 1FCCC2CD1E17B1B30002D966 /* ViewController.swift */; };
		1FCCC2D11E17B1B30002D966 /* Main.storyboard in Resources */ = {isa = PBXBuildFile; fileRef = 1FCCC2CF1E17B1B30002D966 /* Main.storyboard */; };
		1FCCC2D31E17B1B30002D966 /* Assets.xcassets in Resources */ = {isa = PBXBuildFile; fileRef = 1FCCC2D21E17B1B30002D966 /* Assets.xcassets */; };
		1FCCC2D61E17B1B30002D966 /* LaunchScreen.storyboard in Resources */ = {isa = PBXBuildFile; fileRef = 1FCCC2D41E17B1B30002D966 /* LaunchScreen.storyboard */; };
		1FCCC2E11E17B1B30002D966 /* HiveTests.swift in Sources */ = {isa = PBXBuildFile; fileRef = 1FCCC2E01E17B1B30002D966 /* HiveTests.swift */; };
/* End PBXBuildFile section */

/* Begin PBXContainerItemProxy section */
		1FCCC2DD1E17B1B30002D966 /* PBXContainerItemProxy */ = {
			isa = PBXContainerItemProxy;
			containerPortal = 1FCCC2C01E17B1B30002D966 /* Project object */;
			proxyType = 1;
			remoteGlobalIDString = 1FCCC2C71E17B1B30002D966;
			remoteInfo = Hive;
		};
/* End PBXContainerItemProxy section */

/* Begin PBXFileReference section */
		1FCCC2C81E17B1B30002D966 /* Hive.app */ = {isa = PBXFileReference; explicitFileType = wrapper.application; includeInIndex = 0; path = Hive.app; sourceTree = BUILT_PRODUCTS_DIR; };
		1FCCC2CB1E17B1B30002D966 /* AppDelegate.swift */ = {isa = PBXFileReference; lastKnownFileType = sourcecode.swift; path = AppDelegate.swift; sourceTree = "<group>"; };
		1FCCC2CD1E17B1B30002D966 /* ViewController.swift */ = {isa = PBXFileReference; lastKnownFileType = sourcecode.swift; path = ViewController.swift; sourceTree = "<group>"; };
		1FCCC2D01E17B1B30002D966 /* Base */ = {isa = PBXFileReference; lastKnownFileType = file.storyboard; name = Base; path = Base.lproj/Main.storyboard; sourceTree = "<group>"; };
		1FCCC2D21E17B1B30002D966 /* Assets.xcassets */ = {isa = PBXFileReference; lastKnownFileType = folder.assetcatalog; path = Assets.xcassets; sourceTree = "<group>"; };
		1FCCC2D51E17B1B30002D966 /* Base */ = {isa = PBXFileReference; lastKnownFileType = file.storyboard; name = Base; path = Base.lproj/LaunchScreen.storyboard; sourceTree = "<group>"; };
		1FCCC2D71E17B1B30002D966 /* Info.plist */ = {isa = PBXFileReference; lastKnownFileType = text.plist.xml; path = Info.plist; sourceTree = "<group>"; };
		1FCCC2DC1E17B1B30002D966 /* HiveTests.xctest */ = {isa = PBXFileReference; explicitFileType = wrapper.cfbundle; includeInIndex = 0; path = HiveTests.xctest; sourceTree = BUILT_PRODUCTS_DIR; };
		1FCCC2E01E17B1B30002D966 /* HiveTests.swift */ = {isa = PBXFileReference; lastKnownFileType = sourcecode.swift; path = HiveTests.swift; sourceTree = "<group>"; };
		1FCCC2E21E17B1B30002D966 /* Info.plist */ = {isa = PBXFileReference; lastKnownFileType = text.plist.xml; path = Info.plist; sourceTree = "<group>"; };
/* End PBXFileReference section */

/* Begin PBXFrameworksBuildPhase section */
		1FCCC2C51E17B1B30002D966 /* Frameworks */ = {
			isa = PBXFrameworksBuildPhase;
			buildActionMask = 2147483647;
			files = (
			);
			runOnlyForDeploymentPostprocessing = 0;
		};
		1FCCC2D91E17B1B30002D966 /* Frameworks */ = {
			isa = PBXFrameworksBuildPhase;
			buildActionMask = 2147483647;
			files = (
			);
			runOnlyForDeploymentPostprocessing = 0;
		};
/* End PBXFrameworksBuildPhase section */

/* Begin PBXGroup section */
		1FCCC2BF1E17B1B30002D966 = {
			isa = PBXGroup;
			children = (
				1FCCC2CA1E17B1B30002D966 /* Hive */,
				1FCCC2DF1E17B1B30002D966 /* HiveTests */,
				1FCCC2C91E17B1B30002D966 /* Products */,
			);
			sourceTree = "<group>";
		};
		1FCCC2C91E17B1B30002D966 /* Products */ = {
			isa = PBXGroup;
			children = (
				1FCCC2C81E17B1B30002D966 /* Hive.app */,
				1FCCC2DC1E17B1B30002D966 /* HiveTests.xctest */,
			);
			name = Products;
			sourceTree = "<group>";
		};
		1FCCC2CA1E17B1B30002D966 /* Hive */ = {
			isa = PBXGroup;
			children = (
				1FCCC2CB1E17B1B30002D966 /* AppDelegate.swift */,
				1FCCC2CD1E17B1B30002D966 /* ViewController.swift */,
				1FCCC2CF1E17B1B30002D966 /* Main.storyboard */,
				1FCCC2D21E17B1B30002D966 /* Assets.xcassets */,
				1FCCC2D41E17B1B30002D966 /* LaunchScreen.storyboard */,
				1FCCC2D71E17B1B30002D966 /* Info.plist */,
			);
			path = Hive;
			sourceTree = "<group>";
		};
		1FCCC2DF1E17B1B30002D966 /* HiveTests */ = {
			isa = PBXGroup;
			children = (
				1FCCC2E01E17B1B30002D966 /* HiveTests.swift */,
				1FCCC2E21E17B1B30002D966 /* Info.plist */,
			);
			path = HiveTests;
			sourceTree = "<group>";
		};
/* End PBXGroup section */

/* Begin PBXNativeTarget section */
		1FCCC2C71E17B1B30002D966 /* Hive */ = {
			isa = PBXNativeTarget;
			buildConfigurationList = 1FCCC2E51E17B1B30002D966 /* Build configuration list for PBXNativeTarget "Hive" */;
			buildPhases = (
				1FCCC2C41E17B1B30002D966 /* Sources */,
				1FCCC2C51E17B1B30002D966 /* Frameworks */,
				1FCCC2C61E17B1B30002D966 /* Resources */,
			);
			buildRules = (
			);
			dependencies = (
			);
			name = Hive;
			productName = Hive;
			productReference = 1FCCC2C81E17B1B30002D966 /* Hive.app */;
			productType = "com.apple.product-type.application";
		};
		1FCCC2DB1E17B1B30002D966 /* HiveTests */ = {
			isa = PBXNativeTarget;
			buildConfigurationList = 1FCCC2E81E17B1B30002D966 /* Build configuration list for PBXNativeTarget "HiveTests" */;
			buildPhases = (
				1FCCC2D81E17B1B30002D966 /* Sources */,
				1FCCC2D91E17B1B30002D966 /* Frameworks */,
				1FCCC2DA1E17B1B30002D966 /* Resources */,
			);
			buildRules = (
			);
			dependencies = (
				1FCCC2DE1E17B1B30002D966 /* PBXTargetDependency */,
			);
			name = HiveTests;
			productName = HiveTests;
			productReference = 1FCCC2DC1E17B1B30002D966 /* HiveTests.xctest */;
			productType = "com.apple.product-type.bundle.unit-test";
		};
/* End PBXNativeTarget section */

/* Begin PBXProject section */
		1FCCC2C01E17B1B30002D966 /* Project object */ = {
			isa = PBXProject;
			attributes = {
				LastSwiftUpdateCheck = 0820;
				LastUpgradeCheck = 0820;
				ORGANIZATIONNAME = "Hlebnikov A";
				TargetAttributes = {
					1FCCC2C71E17B1B30002D966 = {
						CreatedOnToolsVersion = 8.2.1;
						DevelopmentTeam = Z5R2JEMGS2;
						ProvisioningStyle = Automatic;
					};
					1FCCC2DB1E17B1B30002D966 = {
						CreatedOnToolsVersion = 8.2.1;
						DevelopmentTeam = Z5R2JEMGS2;
						ProvisioningStyle = Automatic;
						TestTargetID = 1FCCC2C71E17B1B30002D966;
					};
				};
			};
			buildConfigurationList = 1FCCC2C31E17B1B30002D966 /* Build configuration list for PBXProject "Hive" */;
			compatibilityVersion = "Xcode 3.2";
			developmentRegion = English;
			hasScannedForEncodings = 0;
			knownRegions = (
				en,
				Base,
			);
			mainGroup = 1FCCC2BF1E17B1B30002D966;
			productRefGroup = 1FCCC2C91E17B1B30002D966 /* Products */;
			projectDirPath = "";
			projectRoot = "";
			targets = (
				1FCCC2C71E17B1B30002D966 /* Hive */,
				1FCCC2DB1E17B1B30002D966 /* HiveTests */,
			);
		};
/* End PBXProject section */

/* Begin PBXResourcesBuildPhase section */
		1FCCC2C61E17B1B30002D966 /* Resources */ = {
			isa = PBXResourcesBuildPhase;
			buildActionMask = 2147483647;
			files = (
				1FCCC2D61E17B1B30002D966 /* LaunchScreen.storyboard in Resources */,
				1FCCC2D31E17B1B30002D966 /* Assets.xcassets in Resources */,
				1FCCC2D11E17B1B30002D966 /* Main.storyboard in Resources */,
			);
			runOnlyForDeploymentPostprocessing = 0;
		};
		1FCCC2DA1E17B1B30002D966 /* Resources */ = {
			isa = PBXResourcesBuildPhase;
			buildActionMask = 2147483647;
			files = (
			);
			runOnlyForDeploymentPostprocessing = 0;
		};
/* End PBXResourcesBuildPhase section */

/* Begin PBXSourcesBuildPhase section */
		1FCCC2C41E17B1B30002D966 /* Sources */ = {
			isa = PBXSourcesBuildPhase;
			buildActionMask = 2147483647;
			files = (
				1FCCC2CE1E17B1B30002D966 /* ViewController.swift in Sources */,
				1FCCC2CC1E17B1B30002D966 /* AppDelegate.swift in Sources */,
			);
			runOnlyForDeploymentPostprocessing = 0;
		};
		1FCCC2D81E17B1B30002D966 /* Sources */ = {
			isa = PBXSourcesBuildPhase;
			buildActionMask = 2147483647;
			files = (
				1FCCC2E11E17B1B30002D966 /* HiveTests.swift in Sources */,
			);
			runOnlyForDeploymentPostprocessing = 0;
		};
/* End PBXSourcesBuildPhase section */

/* Begin PBXTargetDependency section */
		1FCCC2DE1E17B1B30002D966 /* PBXTargetDependency */ = {
			isa = PBXTargetDependency;
			target = 1FCCC2C71E17B1B30002D966 /* Hive */;
			targetProxy = 1FCCC2DD1E17B1B30002D966 /* PBXContainerItemProxy */;
		};
/* End PBXTargetDependency section */

/* Begin PBXVariantGroup section */
		1FCCC2CF1E17B1B30002D966 /* Main.storyboard */ = {
			isa = PBXVariantGroup;
			children = (
				1FCCC2D01E17B1B30002D966 /* Base */,
			);
			name = Main.storyboard;
			sourceTree = "<group>";
		};
		1FCCC2D41E17B1B30002D966 /* LaunchScreen.storyboard */ = {
			isa = PBXVariantGroup;
			children = (
				1FCCC2D51E17B1B30002D966 /* Base */,
			);
			name = LaunchScreen.storyboard;
			sourceTree = "<group>";
		};
/* End PBXVariantGroup section */

/* Begin XCBuildConfiguration section */
		1FCCC2E31E17B1B30002D966 /* Debug */ = {
			isa = XCBuildConfiguration;
			buildSettings = {
				ALWAYS_SEARCH_USER_PATHS = NO;
				CLANG_ANALYZER_NONNULL = YES;
				CLANG_CXX_LANGUAGE_STANDARD = "gnu++0x";
				CLANG_CXX_LIBRARY = "libc++";
				CLANG_ENABLE_MODULES = YES;
				CLANG_ENABLE_OBJC_ARC = YES;
				CLANG_WARN_BOOL_CONVERSION = YES;
				CLANG_WARN_CONSTANT_CONVERSION = YES;
				CLANG_WARN_DIRECT_OBJC_ISA_USAGE = YES_ERROR;
				CLANG_WARN_DOCUMENTATION_COMMENTS = YES;
				CLANG_WARN_EMPTY_BODY = YES;
				CLANG_WARN_ENUM_CONVERSION = YES;
				CLANG_WARN_INFINITE_RECURSION = YES;
				CLANG_WARN_INT_CONVERSION = YES;
				CLANG_WARN_OBJC_ROOT_CLASS = YES_ERROR;
				CLANG_WARN_SUSPICIOUS_MOVE = YES;
				CLANG_WARN_UNREACHABLE_CODE = YES;
				CLANG_WARN__DUPLICATE_METHOD_MATCH = YES;
				"CODE_SIGN_IDENTITY[sdk=iphoneos*]" = "iPhone Developer";
				COPY_PHASE_STRIP = NO;
				DEBUG_INFORMATION_FORMAT = dwarf;
				ENABLE_STRICT_OBJC_MSGSEND = YES;
				ENABLE_TESTABILITY = YES;
				GCC_C_LANGUAGE_STANDARD = gnu99;
				GCC_DYNAMIC_NO_PIC = NO;
				GCC_NO_COMMON_BLOCKS = YES;
				GCC_OPTIMIZATION_LEVEL = 0;
				GCC_PREPROCESSOR_DEFINITIONS = (
					"DEBUG=1",
					"$(inherited)",
				);
				GCC_WARN_64_TO_32_BIT_CONVERSION = YES;
				GCC_WARN_ABOUT_RETURN_TYPE = YES_ERROR;
				GCC_WARN_UNDECLARED_SELECTOR = YES;
				GCC_WARN_UNINITIALIZED_AUTOS = YES_AGGRESSIVE;
				GCC_WARN_UNUSED_FUNCTION = YES;
				GCC_WARN_UNUSED_VARIABLE = YES;
				IPHONEOS_DEPLOYMENT_TARGET = 10.2;
				MTL_ENABLE_DEBUG_INFO = YES;
				ONLY_ACTIVE_ARCH = YES;
				SDKROOT = iphoneos;
				SWIFT_ACTIVE_COMPILATION_CONDITIONS = DEBUG;
				SWIFT_OPTIMIZATION_LEVEL = "-Onone";
			};
			name = Debug;
		};
		1FCCC2E41E17B1B30002D966 /* Release */ = {
			isa = XCBuildConfiguration;
			buildSettings = {
				ALWAYS_SEARCH_USER_PATHS = NO;
				CLANG_ANALYZER_NONNULL = YES;
				CLANG_CXX_LANGUAGE_STANDARD = "gnu++0x";
				CLANG_CXX_LIBRARY = "libc++";
				CLANG_ENABLE_MODULES = YES;
				CLANG_ENABLE_OBJC_ARC = YES;
				CLANG_WARN_BOOL_CONVERSION = YES;
				CLANG_WARN_CONSTANT_CONVERSION = YES;
				CLANG_WARN_DIRECT_OBJC_ISA_USAGE = YES_ERROR;
				CLANG_WARN_DOCUMENTATION_COMMENTS = YES;
				CLANG_WARN_EMPTY_BODY = YES;
				CLANG_WARN_ENUM_CONVERSION = YES;
				CLANG_WARN_INFINITE_RECURSION = YES;
				CLANG_WARN_INT_CONVERSION = YES;
				CLANG_WARN_OBJC_ROOT_CLASS = YES_ERROR;
				CLANG_WARN_SUSPICIOUS_MOVE = YES;
				CLANG_WARN_UNREACHABLE_CODE = YES;
				CLANG_WARN__DUPLICATE_METHOD_MATCH = YES;
				"CODE_SIGN_IDENTITY[sdk=iphoneos*]" = "iPhone Developer";
				COPY_PHASE_STRIP = NO;
				DEBUG_INFORMATION_FORMAT = "dwarf-with-dsym";
				ENABLE_NS_ASSERTIONS = NO;
				ENABLE_STRICT_OBJC_MSGSEND = YES;
				GCC_C_LANGUAGE_STANDARD = gnu99;
				GCC_NO_COMMON_BLOCKS = YES;
				GCC_WARN_64_TO_32_BIT_CONVERSION = YES;
				GCC_WARN_ABOUT_RETURN_TYPE = YES_ERROR;
				GCC_WARN_UNDECLARED_SELECTOR = YES;
				GCC_WARN_UNINITIALIZED_AUTOS = YES_AGGRESSIVE;
				GCC_WARN_UNUSED_FUNCTION = YES;
				GCC_WARN_UNUSED_VARIABLE = YES;
				IPHONEOS_DEPLOYMENT_TARGET = 10.2;
				MTL_ENABLE_DEBUG_INFO = NO;
				SDKROOT = iphoneos;
				SWIFT_OPTIMIZATION_LEVEL = "-Owholemodule";
				VALIDATE_PRODUCT = YES;
			};
			name = Release;
		};
		1FCCC2E61E17B1B30002D966 /* Debug */ = {
			isa = XCBuildConfiguration;
			buildSettings = {
				ASSETCATALOG_COMPILER_APPICON_NAME = AppIcon;
				DEVELOPMENT_TEAM = Z5R2JEMGS2;
				INFOPLIST_FILE = Hive/Info.plist;
				LD_RUNPATH_SEARCH_PATHS = "$(inherited) @executable_path/Frameworks";
				PRODUCT_BUNDLE_IDENTIFIER = hlebnikov.Hive;
				PRODUCT_NAME = "$(TARGET_NAME)";
				SWIFT_VERSION = 3.0;
			};
			name = Debug;
		};
		1FCCC2E71E17B1B30002D966 /* Release */ = {
			isa = XCBuildConfiguration;
			buildSettings = {
				ASSETCATALOG_COMPILER_APPICON_NAME = AppIcon;
				DEVELOPMENT_TEAM = Z5R2JEMGS2;
				INFOPLIST_FILE = Hive/Info.plist;
				LD_RUNPATH_SEARCH_PATHS = "$(inherited) @executable_path/Frameworks";
				PRODUCT_BUNDLE_IDENTIFIER = hlebnikov.Hive;
				PRODUCT_NAME = "$(TARGET_NAME)";
				SWIFT_VERSION = 3.0;
			};
			name = Release;
		};
		1FCCC2E91E17B1B30002D966 /* Debug */ = {
			isa = XCBuildConfiguration;
			buildSettings = {
				ALWAYS_EMBED_SWIFT_STANDARD_LIBRARIES = YES;
				BUNDLE_LOADER = "$(TEST_HOST)";
				DEVELOPMENT_TEAM = Z5R2JEMGS2;
				INFOPLIST_FILE = HiveTests/Info.plist;
				LD_RUNPATH_SEARCH_PATHS = "$(inherited) @executable_path/Frameworks @loader_path/Frameworks";
				PRODUCT_BUNDLE_IDENTIFIER = hlebnikov.HiveTests;
				PRODUCT_NAME = "$(TARGET_NAME)";
				SWIFT_VERSION = 3.0;
				TEST_HOST = "$(BUILT_PRODUCTS_DIR)/Hive.app/Hive";
			};
			name = Debug;
		};
		1FCCC2EA1E17B1B30002D966 /* Release */ = {
			isa = XCBuildConfiguration;
			buildSettings = {
				ALWAYS_EMBED_SWIFT_STANDARD_LIBRARIES = YES;
				BUNDLE_LOADER = "$(TEST_HOST)";
				DEVELOPMENT_TEAM = Z5R2JEMGS2;
				INFOPLIST_FILE = HiveTests/Info.plist;
				LD_RUNPATH_SEARCH_PATHS = "$(inherited) @executable_path/Frameworks @loader_path/Frameworks";
				PRODUCT_BUNDLE_IDENTIFIER = hlebnikov.HiveTests;
				PRODUCT_NAME = "$(TARGET_NAME)";
				SWIFT_VERSION = 3.0;
				TEST_HOST = "$(BUILT_PRODUCTS_DIR)/Hive.app/Hive";
			};
			name = Release;
		};
/* End XCBuildConfiguration section */

/* Begin XCConfigurationList section */
		1FCCC2C31E17B1B30002D966 /* Build configuration list for PBXProject "Hive" */ = {
			isa = XCConfigurationList;
			buildConfigurations = (
				1FCCC2E31E17B1B30002D966 /* Debug */,
				1FCCC2E41E17B1B30002D966 /* Release */,
			);
			defaultConfigurationIsVisible = 0;
			defaultConfigurationName = Release;
		};
		1FCCC2E51E17B1B30002D966 /* Build configuration list for PBXNativeTarget "Hive" */ = {
			isa = XCConfigurationList;
			buildConfigurations = (
				1FCCC2E61E17B1B30002D966 /* Debug */,
				1FCCC2E71E17B1B30002D966 /* Release */,
			);
			defaultConfigurationIsVisible = 0;
		};
		1FCCC2E81E17B1B30002D966 /* Build configuration list for PBXNativeTarget "HiveTests" */ = {
			isa = XCConfigurationList;
			buildConfigurations = (
				1FCCC2E91E17B1B30002D966 /* Debug */,
				1FCCC2EA1E17B1B30002D966 /* Release */,
			);
			defaultConfigurationIsVisible = 0;
		};
/* End XCConfigurationList section */
	};
	rootObject = 1FCCC2C01E17B1B30002D966 /* Project object */;
}
